// !$*UTF8*$!
{
	archiveVersion = 1;
	classes = {
	};
	objectVersion = 46;
	objects = {

/* Begin PBXBuildFile section */
		C154D7DE1F054C95000805D7 /* AppDelegate.swift in Sources */ = {isa = PBXBuildFile; fileRef = C154D7DD1F054C95000805D7 /* AppDelegate.swift */; };
		C154D7E01F054C95000805D7 /* ViewController.swift in Sources */ = {isa = PBXBuildFile; fileRef = C154D7DF1F054C95000805D7 /* ViewController.swift */; };
		C154D7E31F054C95000805D7 /* Main.storyboard in Resources */ = {isa = PBXBuildFile; fileRef = C154D7E11F054C95000805D7 /* Main.storyboard */; };
		C154D7E51F054C95000805D7 /* Assets.xcassets in Resources */ = {isa = PBXBuildFile; fileRef = C154D7E41F054C95000805D7 /* Assets.xcassets */; };
		C154D7E81F054C95000805D7 /* LaunchScreen.storyboard in Resources */ = {isa = PBXBuildFile; fileRef = C154D7E61F054C95000805D7 /* LaunchScreen.storyboard */; };
		C154D7F31F054C95000805D7 /* MobileChallengeTests.swift in Sources */ = {isa = PBXBuildFile; fileRef = C154D7F21F054C95000805D7 /* MobileChallengeTests.swift */; };
		C154D7FE1F054C95000805D7 /* MobileChallengeUITests.swift in Sources */ = {isa = PBXBuildFile; fileRef = C154D7FD1F054C95000805D7 /* MobileChallengeUITests.swift */; };
/* End PBXBuildFile section */

/* Begin PBXContainerItemProxy section */
		C154D7EF1F054C95000805D7 /* PBXContainerItemProxy */ = {
			isa = PBXContainerItemProxy;
			containerPortal = C154D7D21F054C95000805D7 /* Project object */;
			proxyType = 1;
			remoteGlobalIDString = C154D7D91F054C95000805D7;
			remoteInfo = MobileChallenge;
		};
		C154D7FA1F054C95000805D7 /* PBXContainerItemProxy */ = {
			isa = PBXContainerItemProxy;
			containerPortal = C154D7D21F054C95000805D7 /* Project object */;
			proxyType = 1;
			remoteGlobalIDString = C154D7D91F054C95000805D7;
			remoteInfo = MobileChallenge;
		};
/* End PBXContainerItemProxy section */

/* Begin PBXFileReference section */
		C154D7DA1F054C95000805D7 /* MobileChallenge.app */ = {isa = PBXFileReference; explicitFileType = wrapper.application; includeInIndex = 0; path = MobileChallenge.app; sourceTree = BUILT_PRODUCTS_DIR; };
		C154D7DD1F054C95000805D7 /* AppDelegate.swift */ = {isa = PBXFileReference; lastKnownFileType = sourcecode.swift; path = AppDelegate.swift; sourceTree = "<group>"; };
		C154D7DF1F054C95000805D7 /* ViewController.swift */ = {isa = PBXFileReference; lastKnownFileType = sourcecode.swift; path = ViewController.swift; sourceTree = "<group>"; };
		C154D7E21F054C95000805D7 /* Base */ = {isa = PBXFileReference; lastKnownFileType = file.storyboard; name = Base; path = Base.lproj/Main.storyboard; sourceTree = "<group>"; };
		C154D7E41F054C95000805D7 /* Assets.xcassets */ = {isa = PBXFileReference; lastKnownFileType = folder.assetcatalog; path = Assets.xcassets; sourceTree = "<group>"; };
		C154D7E71F054C95000805D7 /* Base */ = {isa = PBXFileReference; lastKnownFileType = file.storyboard; name = Base; path = Base.lproj/LaunchScreen.storyboard; sourceTree = "<group>"; };
		C154D7E91F054C95000805D7 /* Info.plist */ = {isa = PBXFileReference; lastKnownFileType = text.plist.xml; path = Info.plist; sourceTree = "<group>"; };
		C154D7EE1F054C95000805D7 /* MobileChallengeTests.xctest */ = {isa = PBXFileReference; explicitFileType = wrapper.cfbundle; includeInIndex = 0; path = MobileChallengeTests.xctest; sourceTree = BUILT_PRODUCTS_DIR; };
		C154D7F21F054C95000805D7 /* MobileChallengeTests.swift */ = {isa = PBXFileReference; lastKnownFileType = sourcecode.swift; path = MobileChallengeTests.swift; sourceTree = "<group>"; };
		C154D7F41F054C95000805D7 /* Info.plist */ = {isa = PBXFileReference; lastKnownFileType = text.plist.xml; path = Info.plist; sourceTree = "<group>"; };
		C154D7F91F054C95000805D7 /* MobileChallengeUITests.xctest */ = {isa = PBXFileReference; explicitFileType = wrapper.cfbundle; includeInIndex = 0; path = MobileChallengeUITests.xctest; sourceTree = BUILT_PRODUCTS_DIR; };
		C154D7FD1F054C95000805D7 /* MobileChallengeUITests.swift */ = {isa = PBXFileReference; lastKnownFileType = sourcecode.swift; path = MobileChallengeUITests.swift; sourceTree = "<group>"; };
		C154D7FF1F054C95000805D7 /* Info.plist */ = {isa = PBXFileReference; lastKnownFileType = text.plist.xml; path = Info.plist; sourceTree = "<group>"; };
/* End PBXFileReference section */

/* Begin PBXFrameworksBuildPhase section */
		C154D7D71F054C95000805D7 /* Frameworks */ = {
			isa = PBXFrameworksBuildPhase;
			buildActionMask = 2147483647;
			files = (
			);
			runOnlyForDeploymentPostprocessing = 0;
		};
		C154D7EB1F054C95000805D7 /* Frameworks */ = {
			isa = PBXFrameworksBuildPhase;
			buildActionMask = 2147483647;
			files = (
			);
			runOnlyForDeploymentPostprocessing = 0;
		};
		C154D7F61F054C95000805D7 /* Frameworks */ = {
			isa = PBXFrameworksBuildPhase;
			buildActionMask = 2147483647;
			files = (
			);
			runOnlyForDeploymentPostprocessing = 0;
		};
/* End PBXFrameworksBuildPhase section */

/* Begin PBXGroup section */
		C154D7D11F054C95000805D7 = {
			isa = PBXGroup;
			children = (
				C154D7DC1F054C95000805D7 /* MobileChallenge */,
				C154D7F11F054C95000805D7 /* MobileChallengeTests */,
				C154D7FC1F054C95000805D7 /* MobileChallengeUITests */,
				C154D7DB1F054C95000805D7 /* Products */,
			);
			sourceTree = "<group>";
		};
		C154D7DB1F054C95000805D7 /* Products */ = {
			isa = PBXGroup;
			children = (
				C154D7DA1F054C95000805D7 /* MobileChallenge.app */,
				C154D7EE1F054C95000805D7 /* MobileChallengeTests.xctest */,
				C154D7F91F054C95000805D7 /* MobileChallengeUITests.xctest */,
			);
			name = Products;
			sourceTree = "<group>";
		};
		C154D7DC1F054C95000805D7 /* MobileChallenge */ = {
			isa = PBXGroup;
			children = (
				C154D7DD1F054C95000805D7 /* AppDelegate.swift */,
				C154D7DF1F054C95000805D7 /* ViewController.swift */,
				C154D7E11F054C95000805D7 /* Main.storyboard */,
				C154D7E41F054C95000805D7 /* Assets.xcassets */,
				C154D7E61F054C95000805D7 /* LaunchScreen.storyboard */,
				C154D7E91F054C95000805D7 /* Info.plist */,
			);
			path = MobileChallenge;
			sourceTree = "<group>";
		};
		C154D7F11F054C95000805D7 /* MobileChallengeTests */ = {
			isa = PBXGroup;
			children = (
				C154D7F21F054C95000805D7 /* MobileChallengeTests.swift */,
				C154D7F41F054C95000805D7 /* Info.plist */,
			);
			path = MobileChallengeTests;
			sourceTree = "<group>";
		};
		C154D7FC1F054C95000805D7 /* MobileChallengeUITests */ = {
			isa = PBXGroup;
			children = (
				C154D7FD1F054C95000805D7 /* MobileChallengeUITests.swift */,
				C154D7FF1F054C95000805D7 /* Info.plist */,
			);
			path = MobileChallengeUITests;
			sourceTree = "<group>";
		};
/* End PBXGroup section */

/* Begin PBXNativeTarget section */
		C154D7D91F054C95000805D7 /* MobileChallenge */ = {
			isa = PBXNativeTarget;
			buildConfigurationList = C154D8021F054C95000805D7 /* Build configuration list for PBXNativeTarget "MobileChallenge" */;
			buildPhases = (
				C154D7D61F054C95000805D7 /* Sources */,
				C154D7D71F054C95000805D7 /* Frameworks */,
				C154D7D81F054C95000805D7 /* Resources */,
			);
			buildRules = (
			);
			dependencies = (
			);
			name = MobileChallenge;
			productName = MobileChallenge;
			productReference = C154D7DA1F054C95000805D7 /* MobileChallenge.app */;
			productType = "com.apple.product-type.application";
		};
		C154D7ED1F054C95000805D7 /* MobileChallengeTests */ = {
			isa = PBXNativeTarget;
			buildConfigurationList = C154D8051F054C95000805D7 /* Build configuration list for PBXNativeTarget "MobileChallengeTests" */;
			buildPhases = (
				C154D7EA1F054C95000805D7 /* Sources */,
				C154D7EB1F054C95000805D7 /* Frameworks */,
				C154D7EC1F054C95000805D7 /* Resources */,
			);
			buildRules = (
			);
			dependencies = (
				C154D7F01F054C95000805D7 /* PBXTargetDependency */,
			);
			name = MobileChallengeTests;
			productName = MobileChallengeTests;
			productReference = C154D7EE1F054C95000805D7 /* MobileChallengeTests.xctest */;
			productType = "com.apple.product-type.bundle.unit-test";
		};
		C154D7F81F054C95000805D7 /* MobileChallengeUITests */ = {
			isa = PBXNativeTarget;
			buildConfigurationList = C154D8081F054C95000805D7 /* Build configuration list for PBXNativeTarget "MobileChallengeUITests" */;
			buildPhases = (
				C154D7F51F054C95000805D7 /* Sources */,
				C154D7F61F054C95000805D7 /* Frameworks */,
				C154D7F71F054C95000805D7 /* Resources */,
			);
			buildRules = (
			);
			dependencies = (
				C154D7FB1F054C95000805D7 /* PBXTargetDependency */,
			);
			name = MobileChallengeUITests;
			productName = MobileChallengeUITests;
			productReference = C154D7F91F054C95000805D7 /* MobileChallengeUITests.xctest */;
			productType = "com.apple.product-type.bundle.ui-testing";
		};
/* End PBXNativeTarget section */

/* Begin PBXProject section */
		C154D7D21F054C95000805D7 /* Project object */ = {
			isa = PBXProject;
			attributes = {
				LastSwiftUpdateCheck = 0830;
				LastUpgradeCheck = 0830;
				ORGANIZATIONNAME = "Juan Carlos Cardozo";
				TargetAttributes = {
					C154D7D91F054C95000805D7 = {
						CreatedOnToolsVersion = 8.3.2;
						ProvisioningStyle = Automatic;
					};
					C154D7ED1F054C95000805D7 = {
						CreatedOnToolsVersion = 8.3.2;
						ProvisioningStyle = Automatic;
						TestTargetID = C154D7D91F054C95000805D7;
					};
					C154D7F81F054C95000805D7 = {
						CreatedOnToolsVersion = 8.3.2;
						ProvisioningStyle = Automatic;
						TestTargetID = C154D7D91F054C95000805D7;
					};
				};
			};
			buildConfigurationList = C154D7D51F054C95000805D7 /* Build configuration list for PBXProject "MobileChallenge" */;
			compatibilityVersion = "Xcode 3.2";
			developmentRegion = English;
			hasScannedForEncodings = 0;
			knownRegions = (
				en,
				Base,
			);
			mainGroup = C154D7D11F054C95000805D7;
			productRefGroup = C154D7DB1F054C95000805D7 /* Products */;
			projectDirPath = "";
			projectRoot = "";
			targets = (
				C154D7D91F054C95000805D7 /* MobileChallenge */,
				C154D7ED1F054C95000805D7 /* MobileChallengeTests */,
				C154D7F81F054C95000805D7 /* MobileChallengeUITests */,
			);
		};
/* End PBXProject section */

/* Begin PBXResourcesBuildPhase section */
		C154D7D81F054C95000805D7 /* Resources */ = {
			isa = PBXResourcesBuildPhase;
			buildActionMask = 2147483647;
			files = (
				C154D7E81F054C95000805D7 /* LaunchScreen.storyboard in Resources */,
				C154D7E51F054C95000805D7 /* Assets.xcassets in Resources */,
				C154D7E31F054C95000805D7 /* Main.storyboard in Resources */,
			);
			runOnlyForDeploymentPostprocessing = 0;
		};
		C154D7EC1F054C95000805D7 /* Resources */ = {
			isa = PBXResourcesBuildPhase;
			buildActionMask = 2147483647;
			files = (
			);
			runOnlyForDeploymentPostprocessing = 0;
		};
		C154D7F71F054C95000805D7 /* Resources */ = {
			isa = PBXResourcesBuildPhase;
			buildActionMask = 2147483647;
			files = (
			);
			runOnlyForDeploymentPostprocessing = 0;
		};
/* End PBXResourcesBuildPhase section */

/* Begin PBXSourcesBuildPhase section */
		C154D7D61F054C95000805D7 /* Sources */ = {
			isa = PBXSourcesBuildPhase;
			buildActionMask = 2147483647;
			files = (
				C154D7E01F054C95000805D7 /* ViewController.swift in Sources */,
				C154D7DE1F054C95000805D7 /* AppDelegate.swift in Sources */,
			);
			runOnlyForDeploymentPostprocessing = 0;
		};
		C154D7EA1F054C95000805D7 /* Sources */ = {
			isa = PBXSourcesBuildPhase;
			buildActionMask = 2147483647;
			files = (
				C154D7F31F054C95000805D7 /* MobileChallengeTests.swift in Sources */,
			);
			runOnlyForDeploymentPostprocessing = 0;
		};
		C154D7F51F054C95000805D7 /* Sources */ = {
			isa = PBXSourcesBuildPhase;
			buildActionMask = 2147483647;
			files = (
				C154D7FE1F054C95000805D7 /* MobileChallengeUITests.swift in Sources */,
			);
			runOnlyForDeploymentPostprocessing = 0;
		};
/* End PBXSourcesBuildPhase section */

/* Begin PBXTargetDependency section */
		C154D7F01F054C95000805D7 /* PBXTargetDependency */ = {
			isa = PBXTargetDependency;
			target = C154D7D91F054C95000805D7 /* MobileChallenge */;
			targetProxy = C154D7EF1F054C95000805D7 /* PBXContainerItemProxy */;
		};
		C154D7FB1F054C95000805D7 /* PBXTargetDependency */ = {
			isa = PBXTargetDependency;
			target = C154D7D91F054C95000805D7 /* MobileChallenge */;
			targetProxy = C154D7FA1F054C95000805D7 /* PBXContainerItemProxy */;
		};
/* End PBXTargetDependency section */

/* Begin PBXVariantGroup section */
		C154D7E11F054C95000805D7 /* Main.storyboard */ = {
			isa = PBXVariantGroup;
			children = (
				C154D7E21F054C95000805D7 /* Base */,
			);
			name = Main.storyboard;
			sourceTree = "<group>";
		};
		C154D7E61F054C95000805D7 /* LaunchScreen.storyboard */ = {
			isa = PBXVariantGroup;
			children = (
				C154D7E71F054C95000805D7 /* Base */,
			);
			name = LaunchScreen.storyboard;
			sourceTree = "<group>";
		};
/* End PBXVariantGroup section */

/* Begin XCBuildConfiguration section */
		C154D8001F054C95000805D7 /* Debug */ = {
			isa = XCBuildConfiguration;
			buildSettings = {
				ALWAYS_SEARCH_USER_PATHS = NO;
				CLANG_ANALYZER_NONNULL = YES;
				CLANG_ANALYZER_NUMBER_OBJECT_CONVERSION = YES_AGGRESSIVE;
				CLANG_CXX_LANGUAGE_STANDARD = "gnu++0x";
				CLANG_CXX_LIBRARY = "libc++";
				CLANG_ENABLE_MODULES = YES;
				CLANG_ENABLE_OBJC_ARC = YES;
				CLANG_WARN_BOOL_CONVERSION = YES;
				CLANG_WARN_CONSTANT_CONVERSION = YES;
				CLANG_WARN_DIRECT_OBJC_ISA_USAGE = YES_ERROR;
				CLANG_WARN_DOCUMENTATION_COMMENTS = YES;
				CLANG_WARN_EMPTY_BODY = YES;
				CLANG_WARN_ENUM_CONVERSION = YES;
				CLANG_WARN_INFINITE_RECURSION = YES;
				CLANG_WARN_INT_CONVERSION = YES;
				CLANG_WARN_OBJC_ROOT_CLASS = YES_ERROR;
				CLANG_WARN_SUSPICIOUS_MOVE = YES;
				CLANG_WARN_UNREACHABLE_CODE = YES;
				CLANG_WARN__DUPLICATE_METHOD_MATCH = YES;
				"CODE_SIGN_IDENTITY[sdk=iphoneos*]" = "iPhone Developer";
				COPY_PHASE_STRIP = NO;
				DEBUG_INFORMATION_FORMAT = dwarf;
				ENABLE_STRICT_OBJC_MSGSEND = YES;
				ENABLE_TESTABILITY = YES;
				GCC_C_LANGUAGE_STANDARD = gnu99;
				GCC_DYNAMIC_NO_PIC = NO;
				GCC_NO_COMMON_BLOCKS = YES;
				GCC_OPTIMIZATION_LEVEL = 0;
				GCC_PREPROCESSOR_DEFINITIONS = (
					"DEBUG=1",
					"$(inherited)",
				);
				GCC_WARN_64_TO_32_BIT_CONVERSION = YES;
				GCC_WARN_ABOUT_RETURN_TYPE = YES_ERROR;
				GCC_WARN_UNDECLARED_SELECTOR = YES;
				GCC_WARN_UNINITIALIZED_AUTOS = YES_AGGRESSIVE;
				GCC_WARN_UNUSED_FUNCTION = YES;
				GCC_WARN_UNUSED_VARIABLE = YES;
				IPHONEOS_DEPLOYMENT_TARGET = 10.3;
				MTL_ENABLE_DEBUG_INFO = YES;
				ONLY_ACTIVE_ARCH = YES;
				SDKROOT = iphoneos;
				SWIFT_ACTIVE_COMPILATION_CONDITIONS = DEBUG;
				SWIFT_OPTIMIZATION_LEVEL = "-Onone";
				TARGETED_DEVICE_FAMILY = "1,2";
			};
			name = Debug;
		};
		C154D8011F054C95000805D7 /* Release */ = {
			isa = XCBuildConfiguration;
			buildSettings = {
				ALWAYS_SEARCH_USER_PATHS = NO;
				CLANG_ANALYZER_NONNULL = YES;
				CLANG_ANALYZER_NUMBER_OBJECT_CONVERSION = YES_AGGRESSIVE;
				CLANG_CXX_LANGUAGE_STANDARD = "gnu++0x";
				CLANG_CXX_LIBRARY = "libc++";
				CLANG_ENABLE_MODULES = YES;
				CLANG_ENABLE_OBJC_ARC = YES;
				CLANG_WARN_BOOL_CONVERSION = YES;
				CLANG_WARN_CONSTANT_CONVERSION = YES;
				CLANG_WARN_DIRECT_OBJC_ISA_USAGE = YES_ERROR;
				CLANG_WARN_DOCUMENTATION_COMMENTS = YES;
				CLANG_WARN_EMPTY_BODY = YES;
				CLANG_WARN_ENUM_CONVERSION = YES;
				CLANG_WARN_INFINITE_RECURSION = YES;
				CLANG_WARN_INT_CONVERSION = YES;
				CLANG_WARN_OBJC_ROOT_CLASS = YES_ERROR;
				CLANG_WARN_SUSPICIOUS_MOVE = YES;
				CLANG_WARN_UNREACHABLE_CODE = YES;
				CLANG_WARN__DUPLICATE_METHOD_MATCH = YES;
				"CODE_SIGN_IDENTITY[sdk=iphoneos*]" = "iPhone Developer";
				COPY_PHASE_STRIP = NO;
				DEBUG_INFORMATION_FORMAT = "dwarf-with-dsym";
				ENABLE_NS_ASSERTIONS = NO;
				ENABLE_STRICT_OBJC_MSGSEND = YES;
				GCC_C_LANGUAGE_STANDARD = gnu99;
				GCC_NO_COMMON_BLOCKS = YES;
				GCC_WARN_64_TO_32_BIT_CONVERSION = YES;
				GCC_WARN_ABOUT_RETURN_TYPE = YES_ERROR;
				GCC_WARN_UNDECLARED_SELECTOR = YES;
				GCC_WARN_UNINITIALIZED_AUTOS = YES_AGGRESSIVE;
				GCC_WARN_UNUSED_FUNCTION = YES;
				GCC_WARN_UNUSED_VARIABLE = YES;
				IPHONEOS_DEPLOYMENT_TARGET = 10.3;
				MTL_ENABLE_DEBUG_INFO = NO;
				SDKROOT = iphoneos;
				SWIFT_OPTIMIZATION_LEVEL = "-Owholemodule";
				TARGETED_DEVICE_FAMILY = "1,2";
				VALIDATE_PRODUCT = YES;
			};
			name = Release;
		};
		C154D8031F054C95000805D7 /* Debug */ = {
			isa = XCBuildConfiguration;
			buildSettings = {
				ASSETCATALOG_COMPILER_APPICON_NAME = AppIcon;
				INFOPLIST_FILE = MobileChallenge/Info.plist;
				LD_RUNPATH_SEARCH_PATHS = "$(inherited) @executable_path/Frameworks";
				PRODUCT_BUNDLE_IDENTIFIER = Iguanafix.MobileChallenge;
				PRODUCT_NAME = "$(TARGET_NAME)";
				SWIFT_VERSION = 3.0;
			};
			name = Debug;
		};
		C154D8041F054C95000805D7 /* Release */ = {
			isa = XCBuildConfiguration;
			buildSettings = {
				ASSETCATALOG_COMPILER_APPICON_NAME = AppIcon;
				INFOPLIST_FILE = MobileChallenge/Info.plist;
				LD_RUNPATH_SEARCH_PATHS = "$(inherited) @executable_path/Frameworks";
				PRODUCT_BUNDLE_IDENTIFIER = Iguanafix.MobileChallenge;
				PRODUCT_NAME = "$(TARGET_NAME)";
				SWIFT_VERSION = 3.0;
			};
			name = Release;
		};
		C154D8061F054C95000805D7 /* Debug */ = {
			isa = XCBuildConfiguration;
			buildSettings = {
				ALWAYS_EMBED_SWIFT_STANDARD_LIBRARIES = YES;
				BUNDLE_LOADER = "$(TEST_HOST)";
				INFOPLIST_FILE = MobileChallengeTests/Info.plist;
				LD_RUNPATH_SEARCH_PATHS = "$(inherited) @executable_path/Frameworks @loader_path/Frameworks";
				PRODUCT_BUNDLE_IDENTIFIER = Iguanafix.MobileChallengeTests;
				PRODUCT_NAME = "$(TARGET_NAME)";
				SWIFT_VERSION = 3.0;
				TEST_HOST = "$(BUILT_PRODUCTS_DIR)/MobileChallenge.app/MobileChallenge";
			};
			name = Debug;
		};
		C154D8071F054C95000805D7 /* Release */ = {
			isa = XCBuildConfiguration;
			buildSettings = {
				ALWAYS_EMBED_SWIFT_STANDARD_LIBRARIES = YES;
				BUNDLE_LOADER = "$(TEST_HOST)";
				INFOPLIST_FILE = MobileChallengeTests/Info.plist;
				LD_RUNPATH_SEARCH_PATHS = "$(inherited) @executable_path/Frameworks @loader_path/Frameworks";
				PRODUCT_BUNDLE_IDENTIFIER = Iguanafix.MobileChallengeTests;
				PRODUCT_NAME = "$(TARGET_NAME)";
				SWIFT_VERSION = 3.0;
				TEST_HOST = "$(BUILT_PRODUCTS_DIR)/MobileChallenge.app/MobileChallenge";
			};
			name = Release;
		};
		C154D8091F054C95000805D7 /* Debug */ = {
			isa = XCBuildConfiguration;
			buildSettings = {
				ALWAYS_EMBED_SWIFT_STANDARD_LIBRARIES = YES;
				INFOPLIST_FILE = MobileChallengeUITests/Info.plist;
				LD_RUNPATH_SEARCH_PATHS = "$(inherited) @executable_path/Frameworks @loader_path/Frameworks";
				PRODUCT_BUNDLE_IDENTIFIER = Iguanafix.MobileChallengeUITests;
				PRODUCT_NAME = "$(TARGET_NAME)";
				SWIFT_VERSION = 3.0;
				TEST_TARGET_NAME = MobileChallenge;
			};
			name = Debug;
		};
		C154D80A1F054C95000805D7 /* Release */ = {
			isa = XCBuildConfiguration;
			buildSettings = {
				ALWAYS_EMBED_SWIFT_STANDARD_LIBRARIES = YES;
				INFOPLIST_FILE = MobileChallengeUITests/Info.plist;
				LD_RUNPATH_SEARCH_PATHS = "$(inherited) @executable_path/Frameworks @loader_path/Frameworks";
				PRODUCT_BUNDLE_IDENTIFIER = Iguanafix.MobileChallengeUITests;
				PRODUCT_NAME = "$(TARGET_NAME)";
				SWIFT_VERSION = 3.0;
				TEST_TARGET_NAME = MobileChallenge;
			};
			name = Release;
		};
/* End XCBuildConfiguration section */

/* Begin XCConfigurationList section */
		C154D7D51F054C95000805D7 /* Build configuration list for PBXProject "MobileChallenge" */ = {
			isa = XCConfigurationList;
			buildConfigurations = (
				C154D8001F054C95000805D7 /* Debug */,
				C154D8011F054C95000805D7 /* Release */,
			);
			defaultConfigurationIsVisible = 0;
			defaultConfigurationName = Release;
		};
		C154D8021F054C95000805D7 /* Build configuration list for PBXNativeTarget "MobileChallenge" */ = {
			isa = XCConfigurationList;
			buildConfigurations = (
				C154D8031F054C95000805D7 /* Debug */,
				C154D8041F054C95000805D7 /* Release */,
			);
			defaultConfigurationIsVisible = 0;
		};
		C154D8051F054C95000805D7 /* Build configuration list for PBXNativeTarget "MobileChallengeTests" */ = {
			isa = XCConfigurationList;
			buildConfigurations = (
				C154D8061F054C95000805D7 /* Debug */,
				C154D8071F054C95000805D7 /* Release */,
			);
			defaultConfigurationIsVisible = 0;
		};
		C154D8081F054C95000805D7 /* Build configuration list for PBXNativeTarget "MobileChallengeUITests" */ = {
			isa = XCConfigurationList;
			buildConfigurations = (
				C154D8091F054C95000805D7 /* Debug */,
				C154D80A1F054C95000805D7 /* Release */,
			);
			defaultConfigurationIsVisible = 0;
		};
/* End XCConfigurationList section */
	};
	rootObject = C154D7D21F054C95000805D7 /* Project object */;
}
